PODS:
  - AccountKit (4.31.0)
  - Alamofire (4.3.0)
  - Amplitude-iOS (4.1.0)
  - Bolts (1.9.0):
    - Bolts/AppLinks (= 1.9.0)
    - Bolts/Tasks (= 1.9.0)
  - Bolts/AppLinks (1.9.0):
    - Bolts/Tasks
  - Bolts/Tasks (1.9.0)
  - Branch (0.17.10):
    - Branch/Core (= 0.17.10)
  - Branch/Core (0.17.10)
  - Crashlytics (3.10.1):
    - Fabric (~> 1.7.5)
  - DeviceKit (1.5.0)
  - Fabric (1.7.5)
  - FBNotifications (1.0.1)
  - FBSDKCoreKit (4.31.1):
    - Bolts (~> 1.7)
  - Firebase/Core (4.11.0):
    - FirebaseAnalytics (= 4.1.0)
    - FirebaseCore (= 4.0.18)
  - Firebase/Messaging (4.11.0):
    - Firebase/Core
    - FirebaseMessaging (= 2.1.1)
  - Firebase/RemoteConfig (4.11.0):
    - Firebase/Core
    - FirebaseRemoteConfig (= 2.1.2)
  - FirebaseABTesting (1.0.0):
    - FirebaseCore (~> 4.0)
    - Protobuf (~> 3.1)
  - FirebaseAnalytics (4.1.0):
    - FirebaseCore (~> 4.0)
    - FirebaseInstanceID (~> 2.0)
    - GoogleToolboxForMac/NSData+zlib (~> 2.1)
    - nanopb (~> 0.3)
  - FirebaseCore (4.0.18):
    - GoogleToolboxForMac/NSData+zlib (~> 2.1)
  - FirebaseInstanceID (2.0.10):
    - FirebaseCore (~> 4.0)
  - FirebaseMessaging (2.1.1):
    - FirebaseAnalytics (~> 4.1)
    - FirebaseCore (~> 4.0)
    - FirebaseInstanceID (~> 2.0)
    - GoogleToolboxForMac/Logger (~> 2.1)
    - Protobuf (~> 3.5)
  - FirebaseRemoteConfig (2.1.2):
    - FirebaseABTesting (~> 1.0)
    - FirebaseAnalytics (~> 4.0)
    - FirebaseCore (~> 4.0)
    - FirebaseInstanceID (~> 2.0)
    - GoogleToolboxForMac/NSData+zlib (~> 2.1)
    - Protobuf (~> 3.1)
  - GoogleToolboxForMac/Defines (2.1.3)
  - GoogleToolboxForMac/Logger (2.1.3):
    - GoogleToolboxForMac/Defines (= 2.1.3)
  - GoogleToolboxForMac/NSData+zlib (2.1.3):
    - GoogleToolboxForMac/Defines (= 2.1.3)
  - GPUImage (0.1.71)
  - MMSCameraViewController (1.2.1)
  - MMSProfileImagePicker (1.5.1):
    - MMSCameraViewController (~> 1.2.1)
  - nanopb (0.3.8):
    - nanopb/decode (= 0.3.8)
    - nanopb/encode (= 0.3.8)
  - nanopb/decode (0.3.8)
  - nanopb/encode (0.3.8)
  - ObjectMapper (3.1.0)
  - OpenTok (2.13.0)
  - Protobuf (3.5.0)
  - Realm (2.10.2):
    - Realm/Headers (= 2.10.2)
  - Realm/Headers (2.10.2)
  - RealmSwift (2.10.2):
    - Realm (= 2.10.2)
  - Starscream (2.1.1)
  - SwiftyGif (4.1.0)

DEPENDENCIES:
  - AccountKit
  - Alamofire (~> 4.3.0)
  - Amplitude-iOS
  - Branch (~> 0.17.10)
  - Crashlytics
  - DeviceKit (~> 1.0)
  - Fabric
  - FBNotifications
  - FBSDKCoreKit
  - Firebase/Messaging
  - Firebase/RemoteConfig
  - GPUImage (from `https://github.com/holla-world/GPUImage.git`, branch `master`)
  - MMSProfileImagePicker
  - ObjectMapper (~> 3.1)
  - OpenTok
  - RealmSwift (~> 2.10.0)
  - Starscream (~> 2.1.1)
  - SwiftyGif

EXTERNAL SOURCES:
  GPUImage:
    :branch: master
    :git: https://github.com/holla-world/GPUImage.git

CHECKOUT OPTIONS:
  GPUImage:
    :commit: 27828e9bb5e6e206efd25ebc09578a48b1aa9e06
    :git: https://github.com/holla-world/GPUImage.git

SPEC CHECKSUMS:
  AccountKit: f3e48047e6fb1c433dff37c61158fd32bbc482cf
  Alamofire: 856a113053a7bc9cbe5d6367a555d773fc5cfef7
  Amplitude-iOS: c923c4a576698083c1cd05e45072c92d41e206bd
  Bolts: ac6567323eac61e203f6a9763667d0f711be34c8
  Branch: 29745957de17eb5973627f4c7720bd0eb390fd45
  Crashlytics: aee1a064cbbf99b32efa3f056a5f458d846bc8ff
  DeviceKit: 883552d64028056216e913a88f892e7e29678e75
  Fabric: ae7146a5f505ea370a1e44820b4b1dc8890e2890
  FBNotifications: 3f1a9e43ffa2979a685eec29c960ca6a15c70be9
  FBSDKCoreKit: e08ccfcefa7bc1347a07c276dac9bf6c7fe57024
  Firebase: cc13dfab1038c8b45d7903e01fc690451d6d0b24
  FirebaseABTesting: d07d0ee833b842d5153549e4c7e2e2cb1c23a3f9
  FirebaseAnalytics: 3dfae28d4a5e06f86c4fae830efc2ad3fadb19bc
  FirebaseCore: b981f47e5254cbcfdeb483355300d743f6fcab2c
  FirebaseInstanceID: 8d20d890d65c917f9f7d9950b6e10a760ad34321
  FirebaseMessaging: db0e01c52ef7e1f42846431273558107d084ede4
  FirebaseRemoteConfig: df64ce784a45e9b9d4988030a59da6baede8bdb0
  GoogleToolboxForMac: 2501e2ad72a52eb3dfe7bd9aee7dad11b858bd20
  GPUImage: f6034f21f92df6171520f604226ae64b90b35911
  MMSCameraViewController: 70e128c8398686e323645e032aa8d1ea2b0cb54a
  MMSProfileImagePicker: 46b3640a9d9c97ecf711e514cefdc53a2aac21e1
  nanopb: 5601e6bca2dbf1ed831b519092ec110f66982ca3
  ObjectMapper: 20505058f54e5c3ca69e1d6de9897d152a5369a6
  OpenTok: 9fa8d108284d751f284bf294a91c20529bde7df6
  Protobuf: 8a9838fba8dae3389230e1b7f8c104aa32389c03
  Realm: 0ef72b837fb67e9f4b098bac771ddd72c7fdbb69
  RealmSwift: 07a9ae0505091eda6b2ee7c190c3786d6e90a7b0
  Starscream: 142bd8ef24592d985daee9fa48c936070b85b15f
  SwiftyGif: d36c6dfb52e2ca1e48fe349d225f50ec4123ec85

PODFILE CHECKSUM: e2609f038f70181d035bb4eb88427da9b13c9303

COCOAPODS: 1.4.0
