PODS:
  - Alamofire (4.3.0)
  - Amplitude-iOS (4.0.4)
  - Bolts (1.9.0):
    - Bolts/AppLinks (= 1.9.0)
    - Bolts/Tasks (= 1.9.0)
  - Bolts/AppLinks (1.9.0):
    - Bolts/Tasks
  - Bolts/Tasks (1.9.0)
  - Branch (0.17.10):
    - Branch/Core (= 0.17.10)
  - Branch/Core (0.17.10)
  - Crashlytics (3.9.3):
    - Fabric (~> 1.7.2)
  - Fabric (1.7.2)
  - FBSDKCoreKit (4.29.0):
    - Bolts (~> 1.7)
  - FBSDKLoginKit (4.29.0):
    - FBSDKCoreKit
  - MMSCameraViewController (1.0.3)
  - MMSProfileImagePicker (1.4.1):
    - MMSCameraViewController (~> 1.0.3)
  - OpenTok (2.12.1)
  - Realm (2.10.2):
    - Realm/Headers (= 2.10.2)
  - Realm/Headers (2.10.2)
  - RealmSwift (2.10.2):
    - Realm (= 2.10.2)
  - Starscream (2.1.1)
  - SwiftyGif (3.1.2)

DEPENDENCIES:
  - Alamofire (~> 4.3.0)
  - Amplitude-iOS
  - Branch (~> 0.17.10)
  - Crashlytics
  - Fabric
  - FBSDKCoreKit
  - FBSDKLoginKit
  - MMSProfileImagePicker (~> 1.4.1)
  - OpenTok
  - RealmSwift (~> 2.10.0)
  - Starscream (~> 2.1.1)
  - SwiftyGif

SPEC CHECKSUMS:
  Alamofire: 856a113053a7bc9cbe5d6367a555d773fc5cfef7
  Amplitude-iOS: 2ad4d7270c99186236c1272a3a9425463b1ae1a7
  Bolts: ac6567323eac61e203f6a9763667d0f711be34c8
  Branch: 29745957de17eb5973627f4c7720bd0eb390fd45
  Crashlytics: dbb07d01876c171c5ccbdf7826410380189e452c
  Fabric: 9cd6a848efcf1b8b07497e0b6a2e7d336353ba15
  FBSDKCoreKit: 6f139173dc63a1deaff4430a55f2fe5bb222d2af
  FBSDKLoginKit: 56a057ca6822535ea0faa25f57a7c41edb697fd4
  MMSCameraViewController: c32450a83d5ad18d38a1d85c68bf899362a93667
  MMSProfileImagePicker: fa3aee5746945f7bee2cb422bf51dd4478b94e39
  OpenTok: 869a96d84104b9de2b525c2e8a2a809561b47cec
  Realm: 0ef72b837fb67e9f4b098bac771ddd72c7fdbb69
  RealmSwift: 07a9ae0505091eda6b2ee7c190c3786d6e90a7b0
  Starscream: 142bd8ef24592d985daee9fa48c936070b85b15f
  SwiftyGif: 3d3300065d5f30a4159a6488a22f89fde2998b9e

PODFILE CHECKSUM: c871d60881fac5112f9ebd3cc12fdcf4c4fee402

COCOAPODS: 1.3.1
